
Microsoft Visual Studio Solution File, Format Version 12.00
# Visual Studio 15
VisualStudioVersion = 15.0.26228.102
MinimumVisualStudioVersion = 10.0.40219.1
Project("{FAE04EC0-301F-11D3-BF4B-00C04F79EFBC}") = "NumberToWords", "NumberToWords\NumberToWords.csproj", "{EB54B3B8-FFE4-4830-8D40-5882B6E20793}"
EndProject
Project("{FAE04EC0-301F-11D3-BF4B-00C04F79EFBC}") = "NumberToWordConversionTest", "NumberToWordConversionTest\NumberToWordConversionTest.csproj", "{C5704F56-2F61-4316-A56D-79B940B5C84C}"
EndProject
Global
	GlobalSection(SolutionConfigurationPlatforms) = preSolution
		Debug|Any CPU = Debug|Any CPU
		Release|Any CPU = Release|Any CPU
	EndGlobalSection
	GlobalSection(ProjectConfigurationPlatforms) = postSolution
		{EB54B3B8-FFE4-4830-8D40-5882B6E20793}.Debug|Any CPU.ActiveCfg = Debug|Any CPU
		{EB54B3B8-FFE4-4830-8D40-5882B6E20793}.Debug|Any CPU.Build.0 = Debug|Any CPU
		{EB54B3B8-FFE4-4830-8D40-5882B6E20793}.Release|Any CPU.ActiveCfg = Release|Any CPU
		{EB54B3B8-FFE4-4830-8D40-5882B6E20793}.Release|Any CPU.Build.0 = Release|Any CPU
		{C5704F56-2F61-4316-A56D-79B940B5C84C}.Debug|Any CPU.ActiveCfg = Debug|Any CPU
		{C5704F56-2F61-4316-A56D-79B940B5C84C}.Debug|Any CPU.Build.0 = Debug|Any CPU
		{C5704F56-2F61-4316-A56D-79B940B5C84C}.Release|Any CPU.ActiveCfg = Release|Any CPU
		{C5704F56-2F61-4316-A56D-79B940B5C84C}.Release|Any CPU.Build.0 = Release|Any CPU
	EndGlobalSection
	GlobalSection(SolutionProperties) = preSolution
		HideSolutionNode = FALSE
	EndGlobalSection
EndGlobal
